
Microsoft Visual Studio Solution File, Format Version 12.00
# Visual Studio Version 16
VisualStudioVersion = 16.0.32413.511
MinimumVisualStudioVersion = 10.0.40219.1
Project("{FAE04EC0-301F-11D3-BF4B-00C04F79EFBC}") = "TestAlfaAPI", "TestAlfaAPI\TestAlfaAPI.csproj", "{30E41964-ACB8-4E78-B4B4-87293DC25014}"
EndProject
Global
	GlobalSection(SolutionConfigurationPlatforms) = preSolution
		Debug|Any CPU = Debug|Any CPU
		Release|Any CPU = Release|Any CPU
	EndGlobalSection
	GlobalSection(ProjectConfigurationPlatforms) = postSolution
		{30E41964-ACB8-4E78-B4B4-87293DC25014}.Debug|Any CPU.ActiveCfg = Debug|Any CPU
		{30E41964-ACB8-4E78-B4B4-87293DC25014}.Debug|Any CPU.Build.0 = Debug|Any CPU
		{30E41964-ACB8-4E78-B4B4-87293DC25014}.Release|Any CPU.ActiveCfg = Release|Any CPU
		{30E41964-ACB8-4E78-B4B4-87293DC25014}.Release|Any CPU.Build.0 = Release|Any CPU
	EndGlobalSection
	GlobalSection(SolutionProperties) = preSolution
		HideSolutionNode = FALSE
	EndGlobalSection
	GlobalSection(ExtensibilityGlobals) = postSolution
		SolutionGuid = {2DBFBB29-CC6F-464B-ACD6-5735692C6B85}
	EndGlobalSection
EndGlobal
